
Microsoft Visual Studio Solution File, Format Version 12.00
# Visual Studio 15
VisualStudioVersion = 15.0.27130.2026
MinimumVisualStudioVersion = 10.0.40219.1
Project("{8BC9CEB8-8B4A-11D0-8D11-00A0C91BC942}") = "assignment1", "assignment1\assignment1.vcxproj", "{E9119AB4-C65A-4D52-ACA0-2957827E3751}"
EndProject
Project("{8BC9CEB8-8B4A-11D0-8D11-00A0C91BC942}") = "Core", "Core\Core.vcxproj", "{59E9F0D4-0A32-4D18-83A3-EEEC086DCC5B}"
EndProject
Global
	GlobalSection(SolutionConfigurationPlatforms) = preSolution
		Debug|x64 = Debug|x64
		Debug|x86 = Debug|x86
		Release|x64 = Release|x64
		Release|x86 = Release|x86
	EndGlobalSection
	GlobalSection(ProjectConfigurationPlatforms) = postSolution
		{E9119AB4-C65A-4D52-ACA0-2957827E3751}.Debug|x64.ActiveCfg = Debug|x64
		{E9119AB4-C65A-4D52-ACA0-2957827E3751}.Debug|x64.Build.0 = Debug|x64
		{E9119AB4-C65A-4D52-ACA0-2957827E3751}.Debug|x86.ActiveCfg = Debug|Win32
		{E9119AB4-C65A-4D52-ACA0-2957827E3751}.Debug|x86.Build.0 = Debug|Win32
		{E9119AB4-C65A-4D52-ACA0-2957827E3751}.Release|x64.ActiveCfg = Release|x64
		{E9119AB4-C65A-4D52-ACA0-2957827E3751}.Release|x64.Build.0 = Release|x64
		{E9119AB4-C65A-4D52-ACA0-2957827E3751}.Release|x86.ActiveCfg = Release|Win32
		{E9119AB4-C65A-4D52-ACA0-2957827E3751}.Release|x86.Build.0 = Release|Win32
		{59E9F0D4-0A32-4D18-83A3-EEEC086DCC5B}.Debug|x64.ActiveCfg = Debug|x64
		{59E9F0D4-0A32-4D18-83A3-EEEC086DCC5B}.Debug|x64.Build.0 = Debug|x64
		{59E9F0D4-0A32-4D18-83A3-EEEC086DCC5B}.Debug|x86.ActiveCfg = Debug|Win32
		{59E9F0D4-0A32-4D18-83A3-EEEC086DCC5B}.Debug|x86.Build.0 = Debug|Win32
		{59E9F0D4-0A32-4D18-83A3-EEEC086DCC5B}.Release|x64.ActiveCfg = Release|x64
		{59E9F0D4-0A32-4D18-83A3-EEEC086DCC5B}.Release|x64.Build.0 = Release|x64
		{59E9F0D4-0A32-4D18-83A3-EEEC086DCC5B}.Release|x86.ActiveCfg = Release|Win32
		{59E9F0D4-0A32-4D18-83A3-EEEC086DCC5B}.Release|x86.Build.0 = Release|Win32
	EndGlobalSection
	GlobalSection(SolutionProperties) = preSolution
		HideSolutionNode = FALSE
	EndGlobalSection
	GlobalSection(ExtensibilityGlobals) = postSolution
		SolutionGuid = {0DC08F8F-7619-41CB-B8D7-0EAAA359CE57}
	EndGlobalSection
EndGlobal
